// !$*UTF8*$!
{
	archiveVersion = 1;
	classes = {
	};
	objectVersion = 50;
	objects = {

/* Begin PBXBuildFile section */
		25D75BAE7CC776AEC8D2A35C /* Pods_simpleTodoListTests.framework in Frameworks */ = {isa = PBXBuildFile; fileRef = 3919F7DAABACD2D1C8414961 /* Pods_simpleTodoListTests.framework */; };
		6BFBBFF0EFEEE2DE77691A0F /* Pods_simpleTodoList.framework in Frameworks */ = {isa = PBXBuildFile; fileRef = FA9136FBACD9E0C2A1F525A8 /* Pods_simpleTodoList.framework */; };
		B50CF58F61B8F04A35998DEC /* Pods_simpleTodoListUITests.framework in Frameworks */ = {isa = PBXBuildFile; fileRef = E95DBBD791A4DE27240AF5C7 /* Pods_simpleTodoListUITests.framework */; };
		CF1860BF21B0AC0F00FE121E /* AppDelegate.swift in Sources */ = {isa = PBXBuildFile; fileRef = CF1860BE21B0AC0F00FE121E /* AppDelegate.swift */; };
		CF1860C121B0AC0F00FE121E /* TodoListVC.swift in Sources */ = {isa = PBXBuildFile; fileRef = CF1860C021B0AC0F00FE121E /* TodoListVC.swift */; };
		CF1860C421B0AC0F00FE121E /* Main.storyboard in Resources */ = {isa = PBXBuildFile; fileRef = CF1860C221B0AC0F00FE121E /* Main.storyboard */; };
		CF1860C621B0AC1100FE121E /* Assets.xcassets in Resources */ = {isa = PBXBuildFile; fileRef = CF1860C521B0AC1100FE121E /* Assets.xcassets */; };
		CF1860C921B0AC1100FE121E /* LaunchScreen.storyboard in Resources */ = {isa = PBXBuildFile; fileRef = CF1860C721B0AC1100FE121E /* LaunchScreen.storyboard */; };
		CF1860D421B0AC1100FE121E /* simpleTodoListTests.swift in Sources */ = {isa = PBXBuildFile; fileRef = CF1860D321B0AC1100FE121E /* simpleTodoListTests.swift */; };
		CF1860DF21B0AC1100FE121E /* simpleTodoListUITests.swift in Sources */ = {isa = PBXBuildFile; fileRef = CF1860DE21B0AC1100FE121E /* simpleTodoListUITests.swift */; };
		CF84B35521B0E52E00C151B1 /* SQLiteDBManager.swift in Sources */ = {isa = PBXBuildFile; fileRef = CF84B35421B0E52E00C151B1 /* SQLiteDBManager.swift */; };
		CF84B35721B0E72900C151B1 /* TodoDataHelper.swift in Sources */ = {isa = PBXBuildFile; fileRef = CF84B35621B0E72900C151B1 /* TodoDataHelper.swift */; };
		CF84B35921B0E78F00C151B1 /* TodoDataModel.swift in Sources */ = {isa = PBXBuildFile; fileRef = CF84B35821B0E78F00C151B1 /* TodoDataModel.swift */; };
		CF84B35C21B19AC100C151B1 /* TodoListTableCell.swift in Sources */ = {isa = PBXBuildFile; fileRef = CF84B35B21B19AC100C151B1 /* TodoListTableCell.swift */; };
		CF84B35E21B1A3F200C151B1 /* TodoAppHelper.swift in Sources */ = {isa = PBXBuildFile; fileRef = CF84B35D21B1A3F200C151B1 /* TodoAppHelper.swift */; };
		CF84B36121B1A6D000C151B1 /* GlobalDateFormatter.swift in Sources */ = {isa = PBXBuildFile; fileRef = CF84B36021B1A6D000C151B1 /* GlobalDateFormatter.swift */; };
		CF84B36321B1AB1C00C151B1 /* TodoDetailVC.swift in Sources */ = {isa = PBXBuildFile; fileRef = CF84B36221B1AB1C00C151B1 /* TodoDetailVC.swift */; };
/* End PBXBuildFile section */

/* Begin PBXContainerItemProxy section */
		CF1860D021B0AC1100FE121E /* PBXContainerItemProxy */ = {
			isa = PBXContainerItemProxy;
			containerPortal = CF1860B321B0AC0F00FE121E /* Project object */;
			proxyType = 1;
			remoteGlobalIDString = CF1860BA21B0AC0F00FE121E;
			remoteInfo = simpleTodoList;
		};
		CF1860DB21B0AC1100FE121E /* PBXContainerItemProxy */ = {
			isa = PBXContainerItemProxy;
			containerPortal = CF1860B321B0AC0F00FE121E /* Project object */;
			proxyType = 1;
			remoteGlobalIDString = CF1860BA21B0AC0F00FE121E;
			remoteInfo = simpleTodoList;
		};
/* End PBXContainerItemProxy section */

/* Begin PBXFileReference section */
		03499B28749A3EF7161E22C8 /* Pods-simpleTodoList.release.xcconfig */ = {isa = PBXFileReference; includeInIndex = 1; lastKnownFileType = text.xcconfig; name = "Pods-simpleTodoList.release.xcconfig"; path = "Pods/Target Support Files/Pods-simpleTodoList/Pods-simpleTodoList.release.xcconfig"; sourceTree = "<group>"; };
		09E23D1D330440C2D36E6935 /* Pods-simpleTodoListUITests.release.xcconfig */ = {isa = PBXFileReference; includeInIndex = 1; lastKnownFileType = text.xcconfig; name = "Pods-simpleTodoListUITests.release.xcconfig"; path = "Pods/Target Support Files/Pods-simpleTodoListUITests/Pods-simpleTodoListUITests.release.xcconfig"; sourceTree = "<group>"; };
		3919F7DAABACD2D1C8414961 /* Pods_simpleTodoListTests.framework */ = {isa = PBXFileReference; explicitFileType = wrapper.framework; includeInIndex = 0; path = Pods_simpleTodoListTests.framework; sourceTree = BUILT_PRODUCTS_DIR; };
		3A71A18CB3EFE34D449D0181 /* Pods-simpleTodoListTests.release.xcconfig */ = {isa = PBXFileReference; includeInIndex = 1; lastKnownFileType = text.xcconfig; name = "Pods-simpleTodoListTests.release.xcconfig"; path = "Pods/Target Support Files/Pods-simpleTodoListTests/Pods-simpleTodoListTests.release.xcconfig"; sourceTree = "<group>"; };
		50D46121D6A6EE4C4AB9D922 /* Pods-simpleTodoList.debug.xcconfig */ = {isa = PBXFileReference; includeInIndex = 1; lastKnownFileType = text.xcconfig; name = "Pods-simpleTodoList.debug.xcconfig"; path = "Pods/Target Support Files/Pods-simpleTodoList/Pods-simpleTodoList.debug.xcconfig"; sourceTree = "<group>"; };
		A3C06CFA702FAACBF8696BFC /* Pods-simpleTodoListUITests.debug.xcconfig */ = {isa = PBXFileReference; includeInIndex = 1; lastKnownFileType = text.xcconfig; name = "Pods-simpleTodoListUITests.debug.xcconfig"; path = "Pods/Target Support Files/Pods-simpleTodoListUITests/Pods-simpleTodoListUITests.debug.xcconfig"; sourceTree = "<group>"; };
		CF1860BB21B0AC0F00FE121E /* simpleTodoList.app */ = {isa = PBXFileReference; explicitFileType = wrapper.application; includeInIndex = 0; path = simpleTodoList.app; sourceTree = BUILT_PRODUCTS_DIR; };
		CF1860BE21B0AC0F00FE121E /* AppDelegate.swift */ = {isa = PBXFileReference; lastKnownFileType = sourcecode.swift; path = AppDelegate.swift; sourceTree = "<group>"; };
		CF1860C021B0AC0F00FE121E /* TodoListVC.swift */ = {isa = PBXFileReference; lastKnownFileType = sourcecode.swift; path = TodoListVC.swift; sourceTree = "<group>"; };
		CF1860C321B0AC0F00FE121E /* Base */ = {isa = PBXFileReference; lastKnownFileType = file.storyboard; name = Base; path = Base.lproj/Main.storyboard; sourceTree = "<group>"; };
		CF1860C521B0AC1100FE121E /* Assets.xcassets */ = {isa = PBXFileReference; lastKnownFileType = folder.assetcatalog; path = Assets.xcassets; sourceTree = "<group>"; };
		CF1860C821B0AC1100FE121E /* Base */ = {isa = PBXFileReference; lastKnownFileType = file.storyboard; name = Base; path = Base.lproj/LaunchScreen.storyboard; sourceTree = "<group>"; };
		CF1860CA21B0AC1100FE121E /* Info.plist */ = {isa = PBXFileReference; lastKnownFileType = text.plist.xml; path = Info.plist; sourceTree = "<group>"; };
		CF1860CF21B0AC1100FE121E /* simpleTodoListTests.xctest */ = {isa = PBXFileReference; explicitFileType = wrapper.cfbundle; includeInIndex = 0; path = simpleTodoListTests.xctest; sourceTree = BUILT_PRODUCTS_DIR; };
		CF1860D321B0AC1100FE121E /* simpleTodoListTests.swift */ = {isa = PBXFileReference; lastKnownFileType = sourcecode.swift; path = simpleTodoListTests.swift; sourceTree = "<group>"; };
		CF1860D521B0AC1100FE121E /* Info.plist */ = {isa = PBXFileReference; lastKnownFileType = text.plist.xml; path = Info.plist; sourceTree = "<group>"; };
		CF1860DA21B0AC1100FE121E /* simpleTodoListUITests.xctest */ = {isa = PBXFileReference; explicitFileType = wrapper.cfbundle; includeInIndex = 0; path = simpleTodoListUITests.xctest; sourceTree = BUILT_PRODUCTS_DIR; };
		CF1860DE21B0AC1100FE121E /* simpleTodoListUITests.swift */ = {isa = PBXFileReference; lastKnownFileType = sourcecode.swift; path = simpleTodoListUITests.swift; sourceTree = "<group>"; };
		CF1860E021B0AC1100FE121E /* Info.plist */ = {isa = PBXFileReference; lastKnownFileType = text.plist.xml; path = Info.plist; sourceTree = "<group>"; };
		CF84B35421B0E52E00C151B1 /* SQLiteDBManager.swift */ = {isa = PBXFileReference; lastKnownFileType = sourcecode.swift; path = SQLiteDBManager.swift; sourceTree = "<group>"; };
		CF84B35621B0E72900C151B1 /* TodoDataHelper.swift */ = {isa = PBXFileReference; lastKnownFileType = sourcecode.swift; path = TodoDataHelper.swift; sourceTree = "<group>"; };
		CF84B35821B0E78F00C151B1 /* TodoDataModel.swift */ = {isa = PBXFileReference; lastKnownFileType = sourcecode.swift; path = TodoDataModel.swift; sourceTree = "<group>"; };
		CF84B35B21B19AC100C151B1 /* TodoListTableCell.swift */ = {isa = PBXFileReference; lastKnownFileType = sourcecode.swift; path = TodoListTableCell.swift; sourceTree = "<group>"; };
		CF84B35D21B1A3F200C151B1 /* TodoAppHelper.swift */ = {isa = PBXFileReference; lastKnownFileType = sourcecode.swift; path = TodoAppHelper.swift; sourceTree = "<group>"; };
		CF84B36021B1A6D000C151B1 /* GlobalDateFormatter.swift */ = {isa = PBXFileReference; lastKnownFileType = sourcecode.swift; path = GlobalDateFormatter.swift; sourceTree = "<group>"; };
		CF84B36221B1AB1C00C151B1 /* TodoDetailVC.swift */ = {isa = PBXFileReference; lastKnownFileType = sourcecode.swift; path = TodoDetailVC.swift; sourceTree = "<group>"; };
		DB629D75B31B871F35369C4F /* Pods-simpleTodoListTests.debug.xcconfig */ = {isa = PBXFileReference; includeInIndex = 1; lastKnownFileType = text.xcconfig; name = "Pods-simpleTodoListTests.debug.xcconfig"; path = "Pods/Target Support Files/Pods-simpleTodoListTests/Pods-simpleTodoListTests.debug.xcconfig"; sourceTree = "<group>"; };
		E95DBBD791A4DE27240AF5C7 /* Pods_simpleTodoListUITests.framework */ = {isa = PBXFileReference; explicitFileType = wrapper.framework; includeInIndex = 0; path = Pods_simpleTodoListUITests.framework; sourceTree = BUILT_PRODUCTS_DIR; };
		FA9136FBACD9E0C2A1F525A8 /* Pods_simpleTodoList.framework */ = {isa = PBXFileReference; explicitFileType = wrapper.framework; includeInIndex = 0; path = Pods_simpleTodoList.framework; sourceTree = BUILT_PRODUCTS_DIR; };
/* End PBXFileReference section */

/* Begin PBXFrameworksBuildPhase section */
		CF1860B821B0AC0F00FE121E /* Frameworks */ = {
			isa = PBXFrameworksBuildPhase;
			buildActionMask = 2147483647;
			files = (
				6BFBBFF0EFEEE2DE77691A0F /* Pods_simpleTodoList.framework in Frameworks */,
			);
			runOnlyForDeploymentPostprocessing = 0;
		};
		CF1860CC21B0AC1100FE121E /* Frameworks */ = {
			isa = PBXFrameworksBuildPhase;
			buildActionMask = 2147483647;
			files = (
				25D75BAE7CC776AEC8D2A35C /* Pods_simpleTodoListTests.framework in Frameworks */,
			);
			runOnlyForDeploymentPostprocessing = 0;
		};
		CF1860D721B0AC1100FE121E /* Frameworks */ = {
			isa = PBXFrameworksBuildPhase;
			buildActionMask = 2147483647;
			files = (
				B50CF58F61B8F04A35998DEC /* Pods_simpleTodoListUITests.framework in Frameworks */,
			);
			runOnlyForDeploymentPostprocessing = 0;
		};
/* End PBXFrameworksBuildPhase section */

/* Begin PBXGroup section */
		2A685F89545368A7F97BD450 /* Pods */ = {
			isa = PBXGroup;
			children = (
				50D46121D6A6EE4C4AB9D922 /* Pods-simpleTodoList.debug.xcconfig */,
				03499B28749A3EF7161E22C8 /* Pods-simpleTodoList.release.xcconfig */,
				DB629D75B31B871F35369C4F /* Pods-simpleTodoListTests.debug.xcconfig */,
				3A71A18CB3EFE34D449D0181 /* Pods-simpleTodoListTests.release.xcconfig */,
				A3C06CFA702FAACBF8696BFC /* Pods-simpleTodoListUITests.debug.xcconfig */,
				09E23D1D330440C2D36E6935 /* Pods-simpleTodoListUITests.release.xcconfig */,
			);
			name = Pods;
			sourceTree = "<group>";
		};
		4A7628F7C215846D32B61F75 /* Frameworks */ = {
			isa = PBXGroup;
			children = (
				FA9136FBACD9E0C2A1F525A8 /* Pods_simpleTodoList.framework */,
				3919F7DAABACD2D1C8414961 /* Pods_simpleTodoListTests.framework */,
				E95DBBD791A4DE27240AF5C7 /* Pods_simpleTodoListUITests.framework */,
			);
			name = Frameworks;
			sourceTree = "<group>";
		};
		CF1860B221B0AC0F00FE121E = {
			isa = PBXGroup;
			children = (
				CF1860BD21B0AC0F00FE121E /* simpleTodoList */,
				CF1860D221B0AC1100FE121E /* simpleTodoListTests */,
				CF1860DD21B0AC1100FE121E /* simpleTodoListUITests */,
				CF1860BC21B0AC0F00FE121E /* Products */,
				2A685F89545368A7F97BD450 /* Pods */,
				4A7628F7C215846D32B61F75 /* Frameworks */,
			);
			sourceTree = "<group>";
		};
		CF1860BC21B0AC0F00FE121E /* Products */ = {
			isa = PBXGroup;
			children = (
				CF1860BB21B0AC0F00FE121E /* simpleTodoList.app */,
				CF1860CF21B0AC1100FE121E /* simpleTodoListTests.xctest */,
				CF1860DA21B0AC1100FE121E /* simpleTodoListUITests.xctest */,
			);
			name = Products;
			sourceTree = "<group>";
		};
		CF1860BD21B0AC0F00FE121E /* simpleTodoList */ = {
			isa = PBXGroup;
			children = (
				CF84B35F21B1A69E00C151B1 /* Utility */,
				CF84B35321B0E4F400C151B1 /* Model */,
				CF1860EE21B0AC9F00FE121E /* ViewController */,
				CF84B35A21B19A6B00C151B1 /* Cells */,
				CF1860EC21B0AC7E00FE121E /* StoryBoard */,
				CF1860BE21B0AC0F00FE121E /* AppDelegate.swift */,
				CF1860C221B0AC0F00FE121E /* Main.storyboard */,
				CF1860C521B0AC1100FE121E /* Assets.xcassets */,
				CF1860C721B0AC1100FE121E /* LaunchScreen.storyboard */,
				CF1860CA21B0AC1100FE121E /* Info.plist */,
			);
			path = simpleTodoList;
			sourceTree = "<group>";
		};
		CF1860D221B0AC1100FE121E /* simpleTodoListTests */ = {
			isa = PBXGroup;
			children = (
				CF1860D321B0AC1100FE121E /* simpleTodoListTests.swift */,
				CF1860D521B0AC1100FE121E /* Info.plist */,
			);
			path = simpleTodoListTests;
			sourceTree = "<group>";
		};
		CF1860DD21B0AC1100FE121E /* simpleTodoListUITests */ = {
			isa = PBXGroup;
			children = (
				CF1860DE21B0AC1100FE121E /* simpleTodoListUITests.swift */,
				CF1860E021B0AC1100FE121E /* Info.plist */,
			);
			path = simpleTodoListUITests;
			sourceTree = "<group>";
		};
		CF1860EC21B0AC7E00FE121E /* StoryBoard */ = {
			isa = PBXGroup;
			children = (
			);
			path = StoryBoard;
			sourceTree = "<group>";
		};
		CF1860EE21B0AC9F00FE121E /* ViewController */ = {
			isa = PBXGroup;
			children = (
				CF1860C021B0AC0F00FE121E /* TodoListVC.swift */,
				CF84B36221B1AB1C00C151B1 /* TodoDetailVC.swift */,
			);
			path = ViewController;
			sourceTree = "<group>";
		};
		CF84B35321B0E4F400C151B1 /* Model */ = {
			isa = PBXGroup;
			children = (
				CF84B35421B0E52E00C151B1 /* SQLiteDBManager.swift */,
				CF84B35621B0E72900C151B1 /* TodoDataHelper.swift */,
				CF84B35821B0E78F00C151B1 /* TodoDataModel.swift */,
			);
			path = Model;
			sourceTree = "<group>";
		};
		CF84B35A21B19A6B00C151B1 /* Cells */ = {
			isa = PBXGroup;
			children = (
				CF84B35B21B19AC100C151B1 /* TodoListTableCell.swift */,
			);
			path = Cells;
			sourceTree = "<group>";
		};
		CF84B35F21B1A69E00C151B1 /* Utility */ = {
			isa = PBXGroup;
			children = (
				CF84B36021B1A6D000C151B1 /* GlobalDateFormatter.swift */,
				CF84B35D21B1A3F200C151B1 /* TodoAppHelper.swift */,
			);
			path = Utility;
			sourceTree = "<group>";
		};
/* End PBXGroup section */

/* Begin PBXNativeTarget section */
		CF1860BA21B0AC0F00FE121E /* simpleTodoList */ = {
			isa = PBXNativeTarget;
			buildConfigurationList = CF1860E321B0AC1100FE121E /* Build configuration list for PBXNativeTarget "simpleTodoList" */;
			buildPhases = (
				DF65F1A410A128FCD9F097AD /* [CP] Check Pods Manifest.lock */,
				CF1860B721B0AC0F00FE121E /* Sources */,
				CF1860B821B0AC0F00FE121E /* Frameworks */,
				CF1860B921B0AC0F00FE121E /* Resources */,
				776C352A8C944D347CD89026 /* [CP] Embed Pods Frameworks */,
			);
			buildRules = (
			);
			dependencies = (
			);
			name = simpleTodoList;
			productName = simpleTodoList;
			productReference = CF1860BB21B0AC0F00FE121E /* simpleTodoList.app */;
			productType = "com.apple.product-type.application";
		};
		CF1860CE21B0AC1100FE121E /* simpleTodoListTests */ = {
			isa = PBXNativeTarget;
			buildConfigurationList = CF1860E621B0AC1100FE121E /* Build configuration list for PBXNativeTarget "simpleTodoListTests" */;
			buildPhases = (
				C222BB39077C877FA0E27945 /* [CP] Check Pods Manifest.lock */,
				CF1860CB21B0AC1100FE121E /* Sources */,
				CF1860CC21B0AC1100FE121E /* Frameworks */,
				CF1860CD21B0AC1100FE121E /* Resources */,
			);
			buildRules = (
			);
			dependencies = (
				CF1860D121B0AC1100FE121E /* PBXTargetDependency */,
			);
			name = simpleTodoListTests;
			productName = simpleTodoListTests;
			productReference = CF1860CF21B0AC1100FE121E /* simpleTodoListTests.xctest */;
			productType = "com.apple.product-type.bundle.unit-test";
		};
		CF1860D921B0AC1100FE121E /* simpleTodoListUITests */ = {
			isa = PBXNativeTarget;
			buildConfigurationList = CF1860E921B0AC1100FE121E /* Build configuration list for PBXNativeTarget "simpleTodoListUITests" */;
			buildPhases = (
				34408C8A6C605B59B1F935E0 /* [CP] Check Pods Manifest.lock */,
				CF1860D621B0AC1100FE121E /* Sources */,
				CF1860D721B0AC1100FE121E /* Frameworks */,
				CF1860D821B0AC1100FE121E /* Resources */,
			);
			buildRules = (
			);
			dependencies = (
				CF1860DC21B0AC1100FE121E /* PBXTargetDependency */,
			);
			name = simpleTodoListUITests;
			productName = simpleTodoListUITests;
			productReference = CF1860DA21B0AC1100FE121E /* simpleTodoListUITests.xctest */;
			productType = "com.apple.product-type.bundle.ui-testing";
		};
/* End PBXNativeTarget section */

/* Begin PBXProject section */
		CF1860B321B0AC0F00FE121E /* Project object */ = {
			isa = PBXProject;
			attributes = {
				LastSwiftUpdateCheck = 1010;
				LastUpgradeCheck = 1010;
				ORGANIZATIONNAME = Rush01;
				TargetAttributes = {
					CF1860BA21B0AC0F00FE121E = {
						CreatedOnToolsVersion = 10.1;
					};
					CF1860CE21B0AC1100FE121E = {
						CreatedOnToolsVersion = 10.1;
						TestTargetID = CF1860BA21B0AC0F00FE121E;
					};
					CF1860D921B0AC1100FE121E = {
						CreatedOnToolsVersion = 10.1;
						TestTargetID = CF1860BA21B0AC0F00FE121E;
					};
				};
			};
			buildConfigurationList = CF1860B621B0AC0F00FE121E /* Build configuration list for PBXProject "simpleTodoList" */;
			compatibilityVersion = "Xcode 9.3";
			developmentRegion = en;
			hasScannedForEncodings = 0;
			knownRegions = (
				en,
				Base,
			);
			mainGroup = CF1860B221B0AC0F00FE121E;
			productRefGroup = CF1860BC21B0AC0F00FE121E /* Products */;
			projectDirPath = "";
			projectRoot = "";
			targets = (
				CF1860BA21B0AC0F00FE121E /* simpleTodoList */,
				CF1860CE21B0AC1100FE121E /* simpleTodoListTests */,
				CF1860D921B0AC1100FE121E /* simpleTodoListUITests */,
			);
		};
/* End PBXProject section */

/* Begin PBXResourcesBuildPhase section */
		CF1860B921B0AC0F00FE121E /* Resources */ = {
			isa = PBXResourcesBuildPhase;
			buildActionMask = 2147483647;
			files = (
				CF1860C921B0AC1100FE121E /* LaunchScreen.storyboard in Resources */,
				CF1860C621B0AC1100FE121E /* Assets.xcassets in Resources */,
				CF1860C421B0AC0F00FE121E /* Main.storyboard in Resources */,
			);
			runOnlyForDeploymentPostprocessing = 0;
		};
		CF1860CD21B0AC1100FE121E /* Resources */ = {
			isa = PBXResourcesBuildPhase;
			buildActionMask = 2147483647;
			files = (
			);
			runOnlyForDeploymentPostprocessing = 0;
		};
		CF1860D821B0AC1100FE121E /* Resources */ = {
			isa = PBXResourcesBuildPhase;
			buildActionMask = 2147483647;
			files = (
			);
			runOnlyForDeploymentPostprocessing = 0;
		};
/* End PBXResourcesBuildPhase section */

/* Begin PBXShellScriptBuildPhase section */
		34408C8A6C605B59B1F935E0 /* [CP] Check Pods Manifest.lock */ = {
			isa = PBXShellScriptBuildPhase;
			buildActionMask = 2147483647;
			files = (
			);
			inputFileListPaths = (
			);
			inputPaths = (
				"${PODS_PODFILE_DIR_PATH}/Podfile.lock",
				"${PODS_ROOT}/Manifest.lock",
			);
			name = "[CP] Check Pods Manifest.lock";
			outputFileListPaths = (
			);
			outputPaths = (
				"$(DERIVED_FILE_DIR)/Pods-simpleTodoListUITests-checkManifestLockResult.txt",
			);
			runOnlyForDeploymentPostprocessing = 0;
			shellPath = /bin/sh;
			shellScript = "diff \"${PODS_PODFILE_DIR_PATH}/Podfile.lock\" \"${PODS_ROOT}/Manifest.lock\" > /dev/null\nif [ $? != 0 ] ; then\n    # print error to STDERR\n    echo \"error: The sandbox is not in sync with the Podfile.lock. Run 'pod install' or update your CocoaPods installation.\" >&2\n    exit 1\nfi\n# This output is used by Xcode 'outputs' to avoid re-running this script phase.\necho \"SUCCESS\" > \"${SCRIPT_OUTPUT_FILE_0}\"\n";
			showEnvVarsInLog = 0;
		};
		776C352A8C944D347CD89026 /* [CP] Embed Pods Frameworks */ = {
			isa = PBXShellScriptBuildPhase;
			buildActionMask = 2147483647;
			files = (
			);
			inputFileListPaths = (
			);
			inputPaths = (
				"${SRCROOT}/Pods/Target Support Files/Pods-simpleTodoList/Pods-simpleTodoList-frameworks.sh",
				"${BUILT_PRODUCTS_DIR}/ObjectMapper/ObjectMapper.framework",
				"${BUILT_PRODUCTS_DIR}/SQLite.swift/SQLite.framework",
			);
			name = "[CP] Embed Pods Frameworks";
			outputFileListPaths = (
			);
			outputPaths = (
				"${TARGET_BUILD_DIR}/${FRAMEWORKS_FOLDER_PATH}/ObjectMapper.framework",
				"${TARGET_BUILD_DIR}/${FRAMEWORKS_FOLDER_PATH}/SQLite.framework",
			);
			runOnlyForDeploymentPostprocessing = 0;
			shellPath = /bin/sh;
			shellScript = "\"${SRCROOT}/Pods/Target Support Files/Pods-simpleTodoList/Pods-simpleTodoList-frameworks.sh\"\n";
			showEnvVarsInLog = 0;
		};
		C222BB39077C877FA0E27945 /* [CP] Check Pods Manifest.lock */ = {
			isa = PBXShellScriptBuildPhase;
			buildActionMask = 2147483647;
			files = (
			);
			inputFileListPaths = (
			);
			inputPaths = (
				"${PODS_PODFILE_DIR_PATH}/Podfile.lock",
				"${PODS_ROOT}/Manifest.lock",
			);
			name = "[CP] Check Pods Manifest.lock";
			outputFileListPaths = (
			);
			outputPaths = (
				"$(DERIVED_FILE_DIR)/Pods-simpleTodoListTests-checkManifestLockResult.txt",
			);
			runOnlyForDeploymentPostprocessing = 0;
			shellPath = /bin/sh;
			shellScript = "diff \"${PODS_PODFILE_DIR_PATH}/Podfile.lock\" \"${PODS_ROOT}/Manifest.lock\" > /dev/null\nif [ $? != 0 ] ; then\n    # print error to STDERR\n    echo \"error: The sandbox is not in sync with the Podfile.lock. Run 'pod install' or update your CocoaPods installation.\" >&2\n    exit 1\nfi\n# This output is used by Xcode 'outputs' to avoid re-running this script phase.\necho \"SUCCESS\" > \"${SCRIPT_OUTPUT_FILE_0}\"\n";
			showEnvVarsInLog = 0;
		};
		DF65F1A410A128FCD9F097AD /* [CP] Check Pods Manifest.lock */ = {
			isa = PBXShellScriptBuildPhase;
			buildActionMask = 2147483647;
			files = (
			);
			inputFileListPaths = (
			);
			inputPaths = (
				"${PODS_PODFILE_DIR_PATH}/Podfile.lock",
				"${PODS_ROOT}/Manifest.lock",
			);
			name = "[CP] Check Pods Manifest.lock";
			outputFileListPaths = (
			);
			outputPaths = (
				"$(DERIVED_FILE_DIR)/Pods-simpleTodoList-checkManifestLockResult.txt",
			);
			runOnlyForDeploymentPostprocessing = 0;
			shellPath = /bin/sh;
			shellScript = "diff \"${PODS_PODFILE_DIR_PATH}/Podfile.lock\" \"${PODS_ROOT}/Manifest.lock\" > /dev/null\nif [ $? != 0 ] ; then\n    # print error to STDERR\n    echo \"error: The sandbox is not in sync with the Podfile.lock. Run 'pod install' or update your CocoaPods installation.\" >&2\n    exit 1\nfi\n# This output is used by Xcode 'outputs' to avoid re-running this script phase.\necho \"SUCCESS\" > \"${SCRIPT_OUTPUT_FILE_0}\"\n";
			showEnvVarsInLog = 0;
		};
/* End PBXShellScriptBuildPhase section */

/* Begin PBXSourcesBuildPhase section */
		CF1860B721B0AC0F00FE121E /* Sources */ = {
			isa = PBXSourcesBuildPhase;
			buildActionMask = 2147483647;
			files = (
				CF1860C121B0AC0F00FE121E /* TodoListVC.swift in Sources */,
				CF84B35921B0E78F00C151B1 /* TodoDataModel.swift in Sources */,
				CF84B35C21B19AC100C151B1 /* TodoListTableCell.swift in Sources */,
				CF84B35E21B1A3F200C151B1 /* TodoAppHelper.swift in Sources */,
				CF84B35521B0E52E00C151B1 /* SQLiteDBManager.swift in Sources */,
				CF1860BF21B0AC0F00FE121E /* AppDelegate.swift in Sources */,
				CF84B35721B0E72900C151B1 /* TodoDataHelper.swift in Sources */,
				CF84B36121B1A6D000C151B1 /* GlobalDateFormatter.swift in Sources */,
				CF84B36321B1AB1C00C151B1 /* TodoDetailVC.swift in Sources */,
			);
			runOnlyForDeploymentPostprocessing = 0;
		};
		CF1860CB21B0AC1100FE121E /* Sources */ = {
			isa = PBXSourcesBuildPhase;
			buildActionMask = 2147483647;
			files = (
				CF1860D421B0AC1100FE121E /* simpleTodoListTests.swift in Sources */,
			);
			runOnlyForDeploymentPostprocessing = 0;
		};
		CF1860D621B0AC1100FE121E /* Sources */ = {
			isa = PBXSourcesBuildPhase;
			buildActionMask = 2147483647;
			files = (
				CF1860DF21B0AC1100FE121E /* simpleTodoListUITests.swift in Sources */,
			);
			runOnlyForDeploymentPostprocessing = 0;
		};
/* End PBXSourcesBuildPhase section */

/* Begin PBXTargetDependency section */
		CF1860D121B0AC1100FE121E /* PBXTargetDependency */ = {
			isa = PBXTargetDependency;
			target = CF1860BA21B0AC0F00FE121E /* simpleTodoList */;
			targetProxy = CF1860D021B0AC1100FE121E /* PBXContainerItemProxy */;
		};
		CF1860DC21B0AC1100FE121E /* PBXTargetDependency */ = {
			isa = PBXTargetDependency;
			target = CF1860BA21B0AC0F00FE121E /* simpleTodoList */;
			targetProxy = CF1860DB21B0AC1100FE121E /* PBXContainerItemProxy */;
		};
/* End PBXTargetDependency section */

/* Begin PBXVariantGroup section */
		CF1860C221B0AC0F00FE121E /* Main.storyboard */ = {
			isa = PBXVariantGroup;
			children = (
				CF1860C321B0AC0F00FE121E /* Base */,
			);
			name = Main.storyboard;
			sourceTree = "<group>";
		};
		CF1860C721B0AC1100FE121E /* LaunchScreen.storyboard */ = {
			isa = PBXVariantGroup;
			children = (
				CF1860C821B0AC1100FE121E /* Base */,
			);
			name = LaunchScreen.storyboard;
			sourceTree = "<group>";
		};
/* End PBXVariantGroup section */

/* Begin XCBuildConfiguration section */
		CF1860E121B0AC1100FE121E /* Debug */ = {
			isa = XCBuildConfiguration;
			buildSettings = {
				ALWAYS_SEARCH_USER_PATHS = NO;
				CLANG_ANALYZER_NONNULL = YES;
				CLANG_ANALYZER_NUMBER_OBJECT_CONVERSION = YES_AGGRESSIVE;
				CLANG_CXX_LANGUAGE_STANDARD = "gnu++14";
				CLANG_CXX_LIBRARY = "libc++";
				CLANG_ENABLE_MODULES = YES;
				CLANG_ENABLE_OBJC_ARC = YES;
				CLANG_ENABLE_OBJC_WEAK = YES;
				CLANG_WARN_BLOCK_CAPTURE_AUTORELEASING = YES;
				CLANG_WARN_BOOL_CONVERSION = YES;
				CLANG_WARN_COMMA = YES;
				CLANG_WARN_CONSTANT_CONVERSION = YES;
				CLANG_WARN_DEPRECATED_OBJC_IMPLEMENTATIONS = YES;
				CLANG_WARN_DIRECT_OBJC_ISA_USAGE = YES_ERROR;
				CLANG_WARN_DOCUMENTATION_COMMENTS = YES;
				CLANG_WARN_EMPTY_BODY = YES;
				CLANG_WARN_ENUM_CONVERSION = YES;
				CLANG_WARN_INFINITE_RECURSION = YES;
				CLANG_WARN_INT_CONVERSION = YES;
				CLANG_WARN_NON_LITERAL_NULL_CONVERSION = YES;
				CLANG_WARN_OBJC_IMPLICIT_RETAIN_SELF = YES;
				CLANG_WARN_OBJC_LITERAL_CONVERSION = YES;
				CLANG_WARN_OBJC_ROOT_CLASS = YES_ERROR;
				CLANG_WARN_RANGE_LOOP_ANALYSIS = YES;
				CLANG_WARN_STRICT_PROTOTYPES = YES;
				CLANG_WARN_SUSPICIOUS_MOVE = YES;
				CLANG_WARN_UNGUARDED_AVAILABILITY = YES_AGGRESSIVE;
				CLANG_WARN_UNREACHABLE_CODE = YES;
				CLANG_WARN__DUPLICATE_METHOD_MATCH = YES;
				CODE_SIGN_IDENTITY = "iPhone Developer";
				COPY_PHASE_STRIP = NO;
				DEBUG_INFORMATION_FORMAT = dwarf;
				ENABLE_STRICT_OBJC_MSGSEND = YES;
				ENABLE_TESTABILITY = YES;
				GCC_C_LANGUAGE_STANDARD = gnu11;
				GCC_DYNAMIC_NO_PIC = NO;
				GCC_NO_COMMON_BLOCKS = YES;
				GCC_OPTIMIZATION_LEVEL = 0;
				GCC_PREPROCESSOR_DEFINITIONS = (
					"DEBUG=1",
					"$(inherited)",
				);
				GCC_WARN_64_TO_32_BIT_CONVERSION = YES;
				GCC_WARN_ABOUT_RETURN_TYPE = YES_ERROR;
				GCC_WARN_UNDECLARED_SELECTOR = YES;
				GCC_WARN_UNINITIALIZED_AUTOS = YES_AGGRESSIVE;
				GCC_WARN_UNUSED_FUNCTION = YES;
				GCC_WARN_UNUSED_VARIABLE = YES;
				IPHONEOS_DEPLOYMENT_TARGET = 12.1;
				MTL_ENABLE_DEBUG_INFO = INCLUDE_SOURCE;
				MTL_FAST_MATH = YES;
				ONLY_ACTIVE_ARCH = YES;
				SDKROOT = iphoneos;
				SWIFT_ACTIVE_COMPILATION_CONDITIONS = DEBUG;
				SWIFT_OPTIMIZATION_LEVEL = "-Onone";
			};
			name = Debug;
		};
		CF1860E221B0AC1100FE121E /* Release */ = {
			isa = XCBuildConfiguration;
			buildSettings = {
				ALWAYS_SEARCH_USER_PATHS = NO;
				CLANG_ANALYZER_NONNULL = YES;
				CLANG_ANALYZER_NUMBER_OBJECT_CONVERSION = YES_AGGRESSIVE;
				CLANG_CXX_LANGUAGE_STANDARD = "gnu++14";
				CLANG_CXX_LIBRARY = "libc++";
				CLANG_ENABLE_MODULES = YES;
				CLANG_ENABLE_OBJC_ARC = YES;
				CLANG_ENABLE_OBJC_WEAK = YES;
				CLANG_WARN_BLOCK_CAPTURE_AUTORELEASING = YES;
				CLANG_WARN_BOOL_CONVERSION = YES;
				CLANG_WARN_COMMA = YES;
				CLANG_WARN_CONSTANT_CONVERSION = YES;
				CLANG_WARN_DEPRECATED_OBJC_IMPLEMENTATIONS = YES;
				CLANG_WARN_DIRECT_OBJC_ISA_USAGE = YES_ERROR;
				CLANG_WARN_DOCUMENTATION_COMMENTS = YES;
				CLANG_WARN_EMPTY_BODY = YES;
				CLANG_WARN_ENUM_CONVERSION = YES;
				CLANG_WARN_INFINITE_RECURSION = YES;
				CLANG_WARN_INT_CONVERSION = YES;
				CLANG_WARN_NON_LITERAL_NULL_CONVERSION = YES;
				CLANG_WARN_OBJC_IMPLICIT_RETAIN_SELF = YES;
				CLANG_WARN_OBJC_LITERAL_CONVERSION = YES;
				CLANG_WARN_OBJC_ROOT_CLASS = YES_ERROR;
				CLANG_WARN_RANGE_LOOP_ANALYSIS = YES;
				CLANG_WARN_STRICT_PROTOTYPES = YES;
				CLANG_WARN_SUSPICIOUS_MOVE = YES;
				CLANG_WARN_UNGUARDED_AVAILABILITY = YES_AGGRESSIVE;
				CLANG_WARN_UNREACHABLE_CODE = YES;
				CLANG_WARN__DUPLICATE_METHOD_MATCH = YES;
				CODE_SIGN_IDENTITY = "iPhone Developer";
				COPY_PHASE_STRIP = NO;
				DEBUG_INFORMATION_FORMAT = "dwarf-with-dsym";
				ENABLE_NS_ASSERTIONS = NO;
				ENABLE_STRICT_OBJC_MSGSEND = YES;
				GCC_C_LANGUAGE_STANDARD = gnu11;
				GCC_NO_COMMON_BLOCKS = YES;
				GCC_WARN_64_TO_32_BIT_CONVERSION = YES;
				GCC_WARN_ABOUT_RETURN_TYPE = YES_ERROR;
				GCC_WARN_UNDECLARED_SELECTOR = YES;
				GCC_WARN_UNINITIALIZED_AUTOS = YES_AGGRESSIVE;
				GCC_WARN_UNUSED_FUNCTION = YES;
				GCC_WARN_UNUSED_VARIABLE = YES;
				IPHONEOS_DEPLOYMENT_TARGET = 12.1;
				MTL_ENABLE_DEBUG_INFO = NO;
				MTL_FAST_MATH = YES;
				SDKROOT = iphoneos;
				SWIFT_COMPILATION_MODE = wholemodule;
				SWIFT_OPTIMIZATION_LEVEL = "-O";
				VALIDATE_PRODUCT = YES;
			};
			name = Release;
		};
		CF1860E421B0AC1100FE121E /* Debug */ = {
			isa = XCBuildConfiguration;
			baseConfigurationReference = 50D46121D6A6EE4C4AB9D922 /* Pods-simpleTodoList.debug.xcconfig */;
			buildSettings = {
				ASSETCATALOG_COMPILER_APPICON_NAME = AppIcon;
				CODE_SIGN_STYLE = Automatic;
				DEVELOPMENT_TEAM = 54MYS42592;
				INFOPLIST_FILE = simpleTodoList/Info.plist;
				LD_RUNPATH_SEARCH_PATHS = (
					"$(inherited)",
					"@executable_path/Frameworks",
				);
				PRODUCT_BUNDLE_IDENTIFIER = ttt.simpleTodoList;
				PRODUCT_NAME = "$(TARGET_NAME)";
				SWIFT_VERSION = 4.2;
				TARGETED_DEVICE_FAMILY = "1,2";
			};
			name = Debug;
		};
		CF1860E521B0AC1100FE121E /* Release */ = {
			isa = XCBuildConfiguration;
			baseConfigurationReference = 03499B28749A3EF7161E22C8 /* Pods-simpleTodoList.release.xcconfig */;
			buildSettings = {
				ASSETCATALOG_COMPILER_APPICON_NAME = AppIcon;
				CODE_SIGN_STYLE = Automatic;
				DEVELOPMENT_TEAM = 54MYS42592;
				INFOPLIST_FILE = simpleTodoList/Info.plist;
				LD_RUNPATH_SEARCH_PATHS = (
					"$(inherited)",
					"@executable_path/Frameworks",
				);
				PRODUCT_BUNDLE_IDENTIFIER = ttt.simpleTodoList;
				PRODUCT_NAME = "$(TARGET_NAME)";
				SWIFT_VERSION = 4.2;
				TARGETED_DEVICE_FAMILY = "1,2";
			};
			name = Release;
		};
		CF1860E721B0AC1100FE121E /* Debug */ = {
			isa = XCBuildConfiguration;
			baseConfigurationReference = DB629D75B31B871F35369C4F /* Pods-simpleTodoListTests.debug.xcconfig */;
			buildSettings = {
				ALWAYS_EMBED_SWIFT_STANDARD_LIBRARIES = YES;
				BUNDLE_LOADER = "$(TEST_HOST)";
				CODE_SIGN_STYLE = Automatic;
				DEVELOPMENT_TEAM = 54MYS42592;
				INFOPLIST_FILE = simpleTodoListTests/Info.plist;
				LD_RUNPATH_SEARCH_PATHS = (
					"$(inherited)",
					"@executable_path/Frameworks",
					"@loader_path/Frameworks",
				);
				PRODUCT_BUNDLE_IDENTIFIER = ttt.simpleTodoListTests;
				PRODUCT_NAME = "$(TARGET_NAME)";
				SWIFT_VERSION = 4.2;
				TARGETED_DEVICE_FAMILY = "1,2";
				TEST_HOST = "$(BUILT_PRODUCTS_DIR)/simpleTodoList.app/simpleTodoList";
			};
			name = Debug;
		};
		CF1860E821B0AC1100FE121E /* Release */ = {
			isa = XCBuildConfiguration;
			baseConfigurationReference = 3A71A18CB3EFE34D449D0181 /* Pods-simpleTodoListTests.release.xcconfig */;
			buildSettings = {
				ALWAYS_EMBED_SWIFT_STANDARD_LIBRARIES = YES;
				BUNDLE_LOADER = "$(TEST_HOST)";
				CODE_SIGN_STYLE = Automatic;
				DEVELOPMENT_TEAM = 54MYS42592;
				INFOPLIST_FILE = simpleTodoListTests/Info.plist;
				LD_RUNPATH_SEARCH_PATHS = (
					"$(inherited)",
					"@executable_path/Frameworks",
					"@loader_path/Frameworks",
				);
				PRODUCT_BUNDLE_IDENTIFIER = ttt.simpleTodoListTests;
				PRODUCT_NAME = "$(TARGET_NAME)";
				SWIFT_VERSION = 4.2;
				TARGETED_DEVICE_FAMILY = "1,2";
				TEST_HOST = "$(BUILT_PRODUCTS_DIR)/simpleTodoList.app/simpleTodoList";
			};
			name = Release;
		};
		CF1860EA21B0AC1100FE121E /* Debug */ = {
			isa = XCBuildConfiguration;
			baseConfigurationReference = A3C06CFA702FAACBF8696BFC /* Pods-simpleTodoListUITests.debug.xcconfig */;
			buildSettings = {
				ALWAYS_EMBED_SWIFT_STANDARD_LIBRARIES = YES;
				CODE_SIGN_STYLE = Automatic;
				DEVELOPMENT_TEAM = 54MYS42592;
				INFOPLIST_FILE = simpleTodoListUITests/Info.plist;
				LD_RUNPATH_SEARCH_PATHS = (
					"$(inherited)",
					"@executable_path/Frameworks",
					"@loader_path/Frameworks",
				);
				PRODUCT_BUNDLE_IDENTIFIER = ttt.simpleTodoListUITests;
				PRODUCT_NAME = "$(TARGET_NAME)";
				SWIFT_VERSION = 4.2;
				TARGETED_DEVICE_FAMILY = "1,2";
				TEST_TARGET_NAME = simpleTodoList;
			};
			name = Debug;
		};
		CF1860EB21B0AC1100FE121E /* Release */ = {
			isa = XCBuildConfiguration;
			baseConfigurationReference = 09E23D1D330440C2D36E6935 /* Pods-simpleTodoListUITests.release.xcconfig */;
			buildSettings = {
				ALWAYS_EMBED_SWIFT_STANDARD_LIBRARIES = YES;
				CODE_SIGN_STYLE = Automatic;
				DEVELOPMENT_TEAM = 54MYS42592;
				INFOPLIST_FILE = simpleTodoListUITests/Info.plist;
				LD_RUNPATH_SEARCH_PATHS = (
					"$(inherited)",
					"@executable_path/Frameworks",
					"@loader_path/Frameworks",
				);
				PRODUCT_BUNDLE_IDENTIFIER = ttt.simpleTodoListUITests;
				PRODUCT_NAME = "$(TARGET_NAME)";
				SWIFT_VERSION = 4.2;
				TARGETED_DEVICE_FAMILY = "1,2";
				TEST_TARGET_NAME = simpleTodoList;
			};
			name = Release;
		};
/* End XCBuildConfiguration section */

/* Begin XCConfigurationList section */
		CF1860B621B0AC0F00FE121E /* Build configuration list for PBXProject "simpleTodoList" */ = {
			isa = XCConfigurationList;
			buildConfigurations = (
				CF1860E121B0AC1100FE121E /* Debug */,
				CF1860E221B0AC1100FE121E /* Release */,
			);
			defaultConfigurationIsVisible = 0;
			defaultConfigurationName = Release;
		};
		CF1860E321B0AC1100FE121E /* Build configuration list for PBXNativeTarget "simpleTodoList" */ = {
			isa = XCConfigurationList;
			buildConfigurations = (
				CF1860E421B0AC1100FE121E /* Debug */,
				CF1860E521B0AC1100FE121E /* Release */,
			);
			defaultConfigurationIsVisible = 0;
			defaultConfigurationName = Release;
		};
		CF1860E621B0AC1100FE121E /* Build configuration list for PBXNativeTarget "simpleTodoListTests" */ = {
			isa = XCConfigurationList;
			buildConfigurations = (
				CF1860E721B0AC1100FE121E /* Debug */,
				CF1860E821B0AC1100FE121E /* Release */,
			);
			defaultConfigurationIsVisible = 0;
			defaultConfigurationName = Release;
		};
		CF1860E921B0AC1100FE121E /* Build configuration list for PBXNativeTarget "simpleTodoListUITests" */ = {
			isa = XCConfigurationList;
			buildConfigurations = (
				CF1860EA21B0AC1100FE121E /* Debug */,
				CF1860EB21B0AC1100FE121E /* Release */,
			);
			defaultConfigurationIsVisible = 0;
			defaultConfigurationName = Release;
		};
/* End XCConfigurationList section */
	};
	rootObject = CF1860B321B0AC0F00FE121E /* Project object */;
}
